
Microsoft Visual Studio Solution File, Format Version 12.00
# Visual Studio 14
VisualStudioVersion = 14.0.25420.1
MinimumVisualStudioVersion = 10.0.40219.1
Project("{2150E333-8FDC-42A3-9474-1A3956D46DE8}") = "test", "test", "{5837883B-CC74-4A1F-96F5-AEEEAFD73EC4}"
EndProject
Project("{2150E333-8FDC-42A3-9474-1A3956D46DE8}") = "Solution Items", "Solution Items", "{5C1754A0-62FE-4212-B667-6700917D372E}"
	ProjectSection(SolutionItems) = preProject
		global.json = global.json
	EndProjectSection
EndProject
Project("{2150E333-8FDC-42A3-9474-1A3956D46DE8}") = "src", "src", "{856ADE16-2C01-47A4-9120-1EF2B409A9D3}"
EndProject
Project("{2150E333-8FDC-42A3-9474-1A3956D46DE8}") = "testing", "testing", "{0939C9D9-E0AA-4599-AA22-AC58F16C96DE}"
EndProject
Project("{2150E333-8FDC-42A3-9474-1A3956D46DE8}") = "infrastructure", "infrastructure", "{1EAA64F8-EA81-4CE2-96CE-0A6D02304E52}"
EndProject
Project("{2150E333-8FDC-42A3-9474-1A3956D46DE8}") = "concurrency", "concurrency", "{BC1DD0E7-3123-4701-A68D-F6C1E9F015CD}"
EndProject
Project("{2150E333-8FDC-42A3-9474-1A3956D46DE8}") = "resources", "resources", "{C9AF6D12-2693-4513-BE01-B64EA0E89D11}"
EndProject
Project("{8BB2217D-0F2D-49D1-97BC-3654ED321F3B}") = "Mendham", "src\Mendham\Mendham.xproj", "{0827CA6D-B60D-48E4-96C7-80EE6638E3D0}"
EndProject
Project("{8BB2217D-0F2D-49D1-97BC-3654ED321F3B}") = "Mendham.Test", "test\Mendham.Test\Mendham.Test.xproj", "{60EBDAE5-021A-48F7-A368-CA03053C0F9B}"
EndProject
Project("{8BB2217D-0F2D-49D1-97BC-3654ED321F3B}") = "Mendham.Testing", "src\Mendham.Testing\Mendham.Testing.xproj", "{A85E8846-D340-4B2F-B284-252BAC5F8249}"
EndProject
Project("{8BB2217D-0F2D-49D1-97BC-3654ED321F3B}") = "Mendham.Testing.Builder", "src\Mendham.Testing.Builder\Mendham.Testing.Builder.xproj", "{5E039142-063D-4610-8726-702EF57837D8}"
EndProject
Project("{8BB2217D-0F2D-49D1-97BC-3654ED321F3B}") = "Mendham.Testing.Test", "test\Mendham.Testing.Test\Mendham.Testing.Test.xproj", "{D1A8BDBF-C5EB-403C-B93E-4FDC7771EE90}"
EndProject
Project("{8BB2217D-0F2D-49D1-97BC-3654ED321F3B}") = "Mendham.Testing.Builder.Test", "test\Mendham.Testing.Builder.Test\Mendham.Testing.Builder.Test.xproj", "{CCEF5083-7214-4986-A1B1-47737582830C}"
EndProject
Project("{8BB2217D-0F2D-49D1-97BC-3654ED321F3B}") = "Mendham.Testing.Moq", "src\Mendham.Testing.Moq\Mendham.Testing.Moq.xproj", "{00027219-6A70-4867-8118-A0D944BEF64F}"
EndProject
Global
	GlobalSection(SolutionConfigurationPlatforms) = preSolution
		Debug|Any CPU = Debug|Any CPU
		Release|Any CPU = Release|Any CPU
	EndGlobalSection
	GlobalSection(ProjectConfigurationPlatforms) = postSolution
		{0827CA6D-B60D-48E4-96C7-80EE6638E3D0}.Debug|Any CPU.ActiveCfg = Debug|Any CPU
		{0827CA6D-B60D-48E4-96C7-80EE6638E3D0}.Debug|Any CPU.Build.0 = Debug|Any CPU
		{0827CA6D-B60D-48E4-96C7-80EE6638E3D0}.Release|Any CPU.ActiveCfg = Release|Any CPU
		{0827CA6D-B60D-48E4-96C7-80EE6638E3D0}.Release|Any CPU.Build.0 = Release|Any CPU
		{60EBDAE5-021A-48F7-A368-CA03053C0F9B}.Debug|Any CPU.ActiveCfg = Debug|Any CPU
		{60EBDAE5-021A-48F7-A368-CA03053C0F9B}.Debug|Any CPU.Build.0 = Debug|Any CPU
		{60EBDAE5-021A-48F7-A368-CA03053C0F9B}.Release|Any CPU.ActiveCfg = Release|Any CPU
		{60EBDAE5-021A-48F7-A368-CA03053C0F9B}.Release|Any CPU.Build.0 = Release|Any CPU
		{A85E8846-D340-4B2F-B284-252BAC5F8249}.Debug|Any CPU.ActiveCfg = Debug|Any CPU
		{A85E8846-D340-4B2F-B284-252BAC5F8249}.Debug|Any CPU.Build.0 = Debug|Any CPU
		{A85E8846-D340-4B2F-B284-252BAC5F8249}.Release|Any CPU.ActiveCfg = Release|Any CPU
		{A85E8846-D340-4B2F-B284-252BAC5F8249}.Release|Any CPU.Build.0 = Release|Any CPU
		{5E039142-063D-4610-8726-702EF57837D8}.Debug|Any CPU.ActiveCfg = Debug|Any CPU
		{5E039142-063D-4610-8726-702EF57837D8}.Debug|Any CPU.Build.0 = Debug|Any CPU
		{5E039142-063D-4610-8726-702EF57837D8}.Release|Any CPU.ActiveCfg = Release|Any CPU
		{5E039142-063D-4610-8726-702EF57837D8}.Release|Any CPU.Build.0 = Release|Any CPU
		{D1A8BDBF-C5EB-403C-B93E-4FDC7771EE90}.Debug|Any CPU.ActiveCfg = Debug|Any CPU
		{D1A8BDBF-C5EB-403C-B93E-4FDC7771EE90}.Debug|Any CPU.Build.0 = Debug|Any CPU
		{D1A8BDBF-C5EB-403C-B93E-4FDC7771EE90}.Release|Any CPU.ActiveCfg = Release|Any CPU
		{D1A8BDBF-C5EB-403C-B93E-4FDC7771EE90}.Release|Any CPU.Build.0 = Release|Any CPU
		{CCEF5083-7214-4986-A1B1-47737582830C}.Debug|Any CPU.ActiveCfg = Debug|Any CPU
		{CCEF5083-7214-4986-A1B1-47737582830C}.Debug|Any CPU.Build.0 = Debug|Any CPU
		{CCEF5083-7214-4986-A1B1-47737582830C}.Release|Any CPU.ActiveCfg = Release|Any CPU
		{CCEF5083-7214-4986-A1B1-47737582830C}.Release|Any CPU.Build.0 = Release|Any CPU
		{00027219-6A70-4867-8118-A0D944BEF64F}.Debug|Any CPU.ActiveCfg = Debug|Any CPU
		{00027219-6A70-4867-8118-A0D944BEF64F}.Debug|Any CPU.Build.0 = Debug|Any CPU
		{00027219-6A70-4867-8118-A0D944BEF64F}.Release|Any CPU.ActiveCfg = Release|Any CPU
		{00027219-6A70-4867-8118-A0D944BEF64F}.Release|Any CPU.Build.0 = Release|Any CPU
	EndGlobalSection
	GlobalSection(SolutionProperties) = preSolution
		HideSolutionNode = FALSE
	EndGlobalSection
	GlobalSection(NestedProjects) = preSolution
		{0939C9D9-E0AA-4599-AA22-AC58F16C96DE} = {856ADE16-2C01-47A4-9120-1EF2B409A9D3}
		{1EAA64F8-EA81-4CE2-96CE-0A6D02304E52} = {856ADE16-2C01-47A4-9120-1EF2B409A9D3}
		{BC1DD0E7-3123-4701-A68D-F6C1E9F015CD} = {856ADE16-2C01-47A4-9120-1EF2B409A9D3}
		{C9AF6D12-2693-4513-BE01-B64EA0E89D11} = {5837883B-CC74-4A1F-96F5-AEEEAFD73EC4}
		{0827CA6D-B60D-48E4-96C7-80EE6638E3D0} = {856ADE16-2C01-47A4-9120-1EF2B409A9D3}
		{60EBDAE5-021A-48F7-A368-CA03053C0F9B} = {5837883B-CC74-4A1F-96F5-AEEEAFD73EC4}
		{A85E8846-D340-4B2F-B284-252BAC5F8249} = {0939C9D9-E0AA-4599-AA22-AC58F16C96DE}
		{5E039142-063D-4610-8726-702EF57837D8} = {0939C9D9-E0AA-4599-AA22-AC58F16C96DE}
		{D1A8BDBF-C5EB-403C-B93E-4FDC7771EE90} = {5837883B-CC74-4A1F-96F5-AEEEAFD73EC4}
		{CCEF5083-7214-4986-A1B1-47737582830C} = {5837883B-CC74-4A1F-96F5-AEEEAFD73EC4}
		{00027219-6A70-4867-8118-A0D944BEF64F} = {0939C9D9-E0AA-4599-AA22-AC58F16C96DE}
	EndGlobalSection
EndGlobal
