
Microsoft Visual Studio Solution File, Format Version 12.00
# Visual Studio 14
VisualStudioVersion = 14.0.25420.1
MinimumVisualStudioVersion = 10.0.40219.1
Project("{2150E333-8FDC-42A3-9474-1A3956D46DE8}") = "test", "test", "{5837883B-CC74-4A1F-96F5-AEEEAFD73EC4}"
EndProject
Project("{2150E333-8FDC-42A3-9474-1A3956D46DE8}") = "Solution Items", "Solution Items", "{5C1754A0-62FE-4212-B667-6700917D372E}"
	ProjectSection(SolutionItems) = preProject
		global.json = global.json
	EndProjectSection
EndProject
Project("{2150E333-8FDC-42A3-9474-1A3956D46DE8}") = "src", "src", "{856ADE16-2C01-47A4-9120-1EF2B409A9D3}"
EndProject
Project("{2150E333-8FDC-42A3-9474-1A3956D46DE8}") = "testing", "testing", "{0939C9D9-E0AA-4599-AA22-AC58F16C96DE}"
EndProject
Project("{2150E333-8FDC-42A3-9474-1A3956D46DE8}") = "infrastructure", "infrastructure", "{1EAA64F8-EA81-4CE2-96CE-0A6D02304E52}"
EndProject
Project("{2150E333-8FDC-42A3-9474-1A3956D46DE8}") = "concurrency", "concurrency", "{BC1DD0E7-3123-4701-A68D-F6C1E9F015CD}"
EndProject
Project("{2150E333-8FDC-42A3-9474-1A3956D46DE8}") = "resources", "resources", "{C9AF6D12-2693-4513-BE01-B64EA0E89D11}"
EndProject
Project("{8BB2217D-0F2D-49D1-97BC-3654ED321F3B}") = "Mendham", "src\Mendham\Mendham.xproj", "{0827CA6D-B60D-48E4-96C7-80EE6638E3D0}"
EndProject
Project("{8BB2217D-0F2D-49D1-97BC-3654ED321F3B}") = "Mendham.Test", "test\Mendham.Test\Mendham.Test.xproj", "{60EBDAE5-021A-48F7-A368-CA03053C0F9B}"
EndProject
Project("{8BB2217D-0F2D-49D1-97BC-3654ED321F3B}") = "Mendham.Testing", "src\Mendham.Testing\Mendham.Testing.xproj", "{A85E8846-D340-4B2F-B284-252BAC5F8249}"
EndProject
Project("{8BB2217D-0F2D-49D1-97BC-3654ED321F3B}") = "Mendham.Testing.Builder", "src\Mendham.Testing.Builder\Mendham.Testing.Builder.xproj", "{5E039142-063D-4610-8726-702EF57837D8}"
EndProject
Project("{8BB2217D-0F2D-49D1-97BC-3654ED321F3B}") = "Mendham.Testing.Test", "test\Mendham.Testing.Test\Mendham.Testing.Test.xproj", "{D1A8BDBF-C5EB-403C-B93E-4FDC7771EE90}"
EndProject
Project("{8BB2217D-0F2D-49D1-97BC-3654ED321F3B}") = "Mendham.Testing.Builder.Test", "test\Mendham.Testing.Builder.Test\Mendham.Testing.Builder.Test.xproj", "{CCEF5083-7214-4986-A1B1-47737582830C}"
EndProject
Project("{8BB2217D-0F2D-49D1-97BC-3654ED321F3B}") = "Mendham.Testing.Moq", "src\Mendham.Testing.Moq\Mendham.Testing.Moq.xproj", "{00027219-6A70-4867-8118-A0D944BEF64F}"
EndProject
Project("{8BB2217D-0F2D-49D1-97BC-3654ED321F3B}") = "Mendham.Testing.Moq.Test", "test\Mendham.Testing.Moq.Test\Mendham.Testing.Moq.Test.xproj", "{1080FA70-FD2C-48B2-A917-3DD25F84CF5B}"
EndProject
Project("{8BB2217D-0F2D-49D1-97BC-3654ED321F3B}") = "Mendham.Domain", "src\Mendham.Domain\Mendham.Domain.xproj", "{ADCAF0D1-C09B-47F3-AE7E-A2B244A09FF5}"
EndProject
Project("{8BB2217D-0F2D-49D1-97BC-3654ED321F3B}") = "Mendham.Domain.Test", "test\Mendham.Domain.Test\Mendham.Domain.Test.xproj", "{E4905CA2-745D-4A2A-9785-EBE17B1AF143}"
EndProject
Project("{8BB2217D-0F2D-49D1-97BC-3654ED321F3B}") = "Mendham.Testing.Domain", "src\Mendham.Testing.Domain\Mendham.Testing.Domain.xproj", "{9631127B-6AA9-46CA-BB24-F9608FE9EE83}"
EndProject
Project("{8BB2217D-0F2D-49D1-97BC-3654ED321F3B}") = "Mendham.Testing.Domain.Test", "test\Mendham.Testing.Domain.Test\Mendham.Testing.Domain.Test.xproj", "{DA74EED4-2C0A-4C0C-A924-FB90DDFAD6F7}"
EndProject
Project("{8BB2217D-0F2D-49D1-97BC-3654ED321F3B}") = "Mendham.Concurrency.Test", "test\Mendham.Concurrency.Test\Mendham.Concurrency.Test.xproj", "{F6727791-A0E5-49D3-9263-161664749FEC}"
EndProject
Project("{8BB2217D-0F2D-49D1-97BC-3654ED321F3B}") = "Mendham.Concurrency", "src\Mendham.Concurrency\Mendham.Concurrency.xproj", "{647BF880-EFDA-4B42-B8F0-013D88DF0FD3}"
EndProject
Project("{8BB2217D-0F2D-49D1-97BC-3654ED321F3B}") = "Mendham.Domain.Concurrency", "src\Mendham.Domain.Concurrency\Mendham.Domain.Concurrency.xproj", "{0E25789C-2985-473F-B253-DB9A30B68AE8}"
EndProject
Project("{8BB2217D-0F2D-49D1-97BC-3654ED321F3B}") = "Mendham.Testing.Domain.Moq", "src\Mendham.Testing.Domain.Moq\Mendham.Testing.Domain.Moq.xproj", "{A790E356-DE29-4912-A937-CAEA154E5BFE}"
EndProject
Global
	GlobalSection(SolutionConfigurationPlatforms) = preSolution
		Debug|Any CPU = Debug|Any CPU
		Release|Any CPU = Release|Any CPU
	EndGlobalSection
	GlobalSection(ProjectConfigurationPlatforms) = postSolution
		{0827CA6D-B60D-48E4-96C7-80EE6638E3D0}.Debug|Any CPU.ActiveCfg = Debug|Any CPU
		{0827CA6D-B60D-48E4-96C7-80EE6638E3D0}.Debug|Any CPU.Build.0 = Debug|Any CPU
		{0827CA6D-B60D-48E4-96C7-80EE6638E3D0}.Release|Any CPU.ActiveCfg = Release|Any CPU
		{0827CA6D-B60D-48E4-96C7-80EE6638E3D0}.Release|Any CPU.Build.0 = Release|Any CPU
		{60EBDAE5-021A-48F7-A368-CA03053C0F9B}.Debug|Any CPU.ActiveCfg = Debug|Any CPU
		{60EBDAE5-021A-48F7-A368-CA03053C0F9B}.Debug|Any CPU.Build.0 = Debug|Any CPU
		{60EBDAE5-021A-48F7-A368-CA03053C0F9B}.Release|Any CPU.ActiveCfg = Release|Any CPU
		{60EBDAE5-021A-48F7-A368-CA03053C0F9B}.Release|Any CPU.Build.0 = Release|Any CPU
		{A85E8846-D340-4B2F-B284-252BAC5F8249}.Debug|Any CPU.ActiveCfg = Debug|Any CPU
		{A85E8846-D340-4B2F-B284-252BAC5F8249}.Debug|Any CPU.Build.0 = Debug|Any CPU
		{A85E8846-D340-4B2F-B284-252BAC5F8249}.Release|Any CPU.ActiveCfg = Release|Any CPU
		{A85E8846-D340-4B2F-B284-252BAC5F8249}.Release|Any CPU.Build.0 = Release|Any CPU
		{5E039142-063D-4610-8726-702EF57837D8}.Debug|Any CPU.ActiveCfg = Debug|Any CPU
		{5E039142-063D-4610-8726-702EF57837D8}.Debug|Any CPU.Build.0 = Debug|Any CPU
		{5E039142-063D-4610-8726-702EF57837D8}.Release|Any CPU.ActiveCfg = Release|Any CPU
		{5E039142-063D-4610-8726-702EF57837D8}.Release|Any CPU.Build.0 = Release|Any CPU
		{D1A8BDBF-C5EB-403C-B93E-4FDC7771EE90}.Debug|Any CPU.ActiveCfg = Debug|Any CPU
		{D1A8BDBF-C5EB-403C-B93E-4FDC7771EE90}.Debug|Any CPU.Build.0 = Debug|Any CPU
		{D1A8BDBF-C5EB-403C-B93E-4FDC7771EE90}.Release|Any CPU.ActiveCfg = Release|Any CPU
		{D1A8BDBF-C5EB-403C-B93E-4FDC7771EE90}.Release|Any CPU.Build.0 = Release|Any CPU
		{CCEF5083-7214-4986-A1B1-47737582830C}.Debug|Any CPU.ActiveCfg = Debug|Any CPU
		{CCEF5083-7214-4986-A1B1-47737582830C}.Debug|Any CPU.Build.0 = Debug|Any CPU
		{CCEF5083-7214-4986-A1B1-47737582830C}.Release|Any CPU.ActiveCfg = Release|Any CPU
		{CCEF5083-7214-4986-A1B1-47737582830C}.Release|Any CPU.Build.0 = Release|Any CPU
		{00027219-6A70-4867-8118-A0D944BEF64F}.Debug|Any CPU.ActiveCfg = Debug|Any CPU
		{00027219-6A70-4867-8118-A0D944BEF64F}.Debug|Any CPU.Build.0 = Debug|Any CPU
		{00027219-6A70-4867-8118-A0D944BEF64F}.Release|Any CPU.ActiveCfg = Release|Any CPU
		{00027219-6A70-4867-8118-A0D944BEF64F}.Release|Any CPU.Build.0 = Release|Any CPU
		{1080FA70-FD2C-48B2-A917-3DD25F84CF5B}.Debug|Any CPU.ActiveCfg = Debug|Any CPU
		{1080FA70-FD2C-48B2-A917-3DD25F84CF5B}.Debug|Any CPU.Build.0 = Debug|Any CPU
		{1080FA70-FD2C-48B2-A917-3DD25F84CF5B}.Release|Any CPU.ActiveCfg = Release|Any CPU
		{1080FA70-FD2C-48B2-A917-3DD25F84CF5B}.Release|Any CPU.Build.0 = Release|Any CPU
		{ADCAF0D1-C09B-47F3-AE7E-A2B244A09FF5}.Debug|Any CPU.ActiveCfg = Debug|Any CPU
		{ADCAF0D1-C09B-47F3-AE7E-A2B244A09FF5}.Debug|Any CPU.Build.0 = Debug|Any CPU
		{ADCAF0D1-C09B-47F3-AE7E-A2B244A09FF5}.Release|Any CPU.ActiveCfg = Release|Any CPU
		{ADCAF0D1-C09B-47F3-AE7E-A2B244A09FF5}.Release|Any CPU.Build.0 = Release|Any CPU
		{E4905CA2-745D-4A2A-9785-EBE17B1AF143}.Debug|Any CPU.ActiveCfg = Debug|Any CPU
		{E4905CA2-745D-4A2A-9785-EBE17B1AF143}.Debug|Any CPU.Build.0 = Debug|Any CPU
		{E4905CA2-745D-4A2A-9785-EBE17B1AF143}.Release|Any CPU.ActiveCfg = Release|Any CPU
		{E4905CA2-745D-4A2A-9785-EBE17B1AF143}.Release|Any CPU.Build.0 = Release|Any CPU
		{9631127B-6AA9-46CA-BB24-F9608FE9EE83}.Debug|Any CPU.ActiveCfg = Debug|Any CPU
		{9631127B-6AA9-46CA-BB24-F9608FE9EE83}.Debug|Any CPU.Build.0 = Debug|Any CPU
		{9631127B-6AA9-46CA-BB24-F9608FE9EE83}.Release|Any CPU.ActiveCfg = Release|Any CPU
		{9631127B-6AA9-46CA-BB24-F9608FE9EE83}.Release|Any CPU.Build.0 = Release|Any CPU
		{DA74EED4-2C0A-4C0C-A924-FB90DDFAD6F7}.Debug|Any CPU.ActiveCfg = Debug|Any CPU
		{DA74EED4-2C0A-4C0C-A924-FB90DDFAD6F7}.Debug|Any CPU.Build.0 = Debug|Any CPU
		{DA74EED4-2C0A-4C0C-A924-FB90DDFAD6F7}.Release|Any CPU.ActiveCfg = Release|Any CPU
		{DA74EED4-2C0A-4C0C-A924-FB90DDFAD6F7}.Release|Any CPU.Build.0 = Release|Any CPU
		{F6727791-A0E5-49D3-9263-161664749FEC}.Debug|Any CPU.ActiveCfg = Debug|Any CPU
		{F6727791-A0E5-49D3-9263-161664749FEC}.Debug|Any CPU.Build.0 = Debug|Any CPU
		{F6727791-A0E5-49D3-9263-161664749FEC}.Release|Any CPU.ActiveCfg = Release|Any CPU
		{F6727791-A0E5-49D3-9263-161664749FEC}.Release|Any CPU.Build.0 = Release|Any CPU
		{647BF880-EFDA-4B42-B8F0-013D88DF0FD3}.Debug|Any CPU.ActiveCfg = Debug|Any CPU
		{647BF880-EFDA-4B42-B8F0-013D88DF0FD3}.Debug|Any CPU.Build.0 = Debug|Any CPU
		{647BF880-EFDA-4B42-B8F0-013D88DF0FD3}.Release|Any CPU.ActiveCfg = Release|Any CPU
		{647BF880-EFDA-4B42-B8F0-013D88DF0FD3}.Release|Any CPU.Build.0 = Release|Any CPU
		{0E25789C-2985-473F-B253-DB9A30B68AE8}.Debug|Any CPU.ActiveCfg = Debug|Any CPU
		{0E25789C-2985-473F-B253-DB9A30B68AE8}.Debug|Any CPU.Build.0 = Debug|Any CPU
		{0E25789C-2985-473F-B253-DB9A30B68AE8}.Release|Any CPU.ActiveCfg = Release|Any CPU
		{0E25789C-2985-473F-B253-DB9A30B68AE8}.Release|Any CPU.Build.0 = Release|Any CPU
		{A790E356-DE29-4912-A937-CAEA154E5BFE}.Debug|Any CPU.ActiveCfg = Debug|Any CPU
		{A790E356-DE29-4912-A937-CAEA154E5BFE}.Debug|Any CPU.Build.0 = Debug|Any CPU
		{A790E356-DE29-4912-A937-CAEA154E5BFE}.Release|Any CPU.ActiveCfg = Release|Any CPU
		{A790E356-DE29-4912-A937-CAEA154E5BFE}.Release|Any CPU.Build.0 = Release|Any CPU
	EndGlobalSection
	GlobalSection(SolutionProperties) = preSolution
		HideSolutionNode = FALSE
	EndGlobalSection
	GlobalSection(NestedProjects) = preSolution
		{0939C9D9-E0AA-4599-AA22-AC58F16C96DE} = {856ADE16-2C01-47A4-9120-1EF2B409A9D3}
		{1EAA64F8-EA81-4CE2-96CE-0A6D02304E52} = {856ADE16-2C01-47A4-9120-1EF2B409A9D3}
		{BC1DD0E7-3123-4701-A68D-F6C1E9F015CD} = {856ADE16-2C01-47A4-9120-1EF2B409A9D3}
		{C9AF6D12-2693-4513-BE01-B64EA0E89D11} = {5837883B-CC74-4A1F-96F5-AEEEAFD73EC4}
		{0827CA6D-B60D-48E4-96C7-80EE6638E3D0} = {856ADE16-2C01-47A4-9120-1EF2B409A9D3}
		{60EBDAE5-021A-48F7-A368-CA03053C0F9B} = {5837883B-CC74-4A1F-96F5-AEEEAFD73EC4}
		{A85E8846-D340-4B2F-B284-252BAC5F8249} = {0939C9D9-E0AA-4599-AA22-AC58F16C96DE}
		{5E039142-063D-4610-8726-702EF57837D8} = {0939C9D9-E0AA-4599-AA22-AC58F16C96DE}
		{D1A8BDBF-C5EB-403C-B93E-4FDC7771EE90} = {5837883B-CC74-4A1F-96F5-AEEEAFD73EC4}
		{CCEF5083-7214-4986-A1B1-47737582830C} = {5837883B-CC74-4A1F-96F5-AEEEAFD73EC4}
		{00027219-6A70-4867-8118-A0D944BEF64F} = {0939C9D9-E0AA-4599-AA22-AC58F16C96DE}
		{1080FA70-FD2C-48B2-A917-3DD25F84CF5B} = {5837883B-CC74-4A1F-96F5-AEEEAFD73EC4}
		{ADCAF0D1-C09B-47F3-AE7E-A2B244A09FF5} = {856ADE16-2C01-47A4-9120-1EF2B409A9D3}
		{E4905CA2-745D-4A2A-9785-EBE17B1AF143} = {5837883B-CC74-4A1F-96F5-AEEEAFD73EC4}
		{9631127B-6AA9-46CA-BB24-F9608FE9EE83} = {0939C9D9-E0AA-4599-AA22-AC58F16C96DE}
		{DA74EED4-2C0A-4C0C-A924-FB90DDFAD6F7} = {5837883B-CC74-4A1F-96F5-AEEEAFD73EC4}
		{F6727791-A0E5-49D3-9263-161664749FEC} = {5837883B-CC74-4A1F-96F5-AEEEAFD73EC4}
		{647BF880-EFDA-4B42-B8F0-013D88DF0FD3} = {BC1DD0E7-3123-4701-A68D-F6C1E9F015CD}
		{0E25789C-2985-473F-B253-DB9A30B68AE8} = {BC1DD0E7-3123-4701-A68D-F6C1E9F015CD}
		{A790E356-DE29-4912-A937-CAEA154E5BFE} = {0939C9D9-E0AA-4599-AA22-AC58F16C96DE}
	EndGlobalSection
EndGlobal
