
Microsoft Visual Studio Solution File, Format Version 12.00
# Visual Studio 14
VisualStudioVersion = 14.0.25420.1
MinimumVisualStudioVersion = 10.0.40219.1
Project("{2150E333-8FDC-42A3-9474-1A3956D46DE8}") = "test", "test", "{5837883B-CC74-4A1F-96F5-AEEEAFD73EC4}"
EndProject
Project("{2150E333-8FDC-42A3-9474-1A3956D46DE8}") = "Solution Items", "Solution Items", "{5C1754A0-62FE-4212-B667-6700917D372E}"
	ProjectSection(SolutionItems) = preProject
		global.json = global.json
	EndProjectSection
EndProject
Project("{2150E333-8FDC-42A3-9474-1A3956D46DE8}") = "src", "src", "{856ADE16-2C01-47A4-9120-1EF2B409A9D3}"
EndProject
Project("{2150E333-8FDC-42A3-9474-1A3956D46DE8}") = "testing", "testing", "{0939C9D9-E0AA-4599-AA22-AC58F16C96DE}"
EndProject
Project("{2150E333-8FDC-42A3-9474-1A3956D46DE8}") = "infrastructure", "infrastructure", "{1EAA64F8-EA81-4CE2-96CE-0A6D02304E52}"
EndProject
Project("{2150E333-8FDC-42A3-9474-1A3956D46DE8}") = "concurrency", "concurrency", "{BC1DD0E7-3123-4701-A68D-F6C1E9F015CD}"
EndProject
Project("{2150E333-8FDC-42A3-9474-1A3956D46DE8}") = "resources", "resources", "{C9AF6D12-2693-4513-BE01-B64EA0E89D11}"
EndProject
Project("{8BB2217D-0F2D-49D1-97BC-3654ED321F3B}") = "Mendham", "src\Mendham\Mendham.xproj", "{0827CA6D-B60D-48E4-96C7-80EE6638E3D0}"
EndProject
Project("{8BB2217D-0F2D-49D1-97BC-3654ED321F3B}") = "Mendham.Test", "test\Mendham.Test\Mendham.Test.xproj", "{60EBDAE5-021A-48F7-A368-CA03053C0F9B}"
EndProject
Project("{8BB2217D-0F2D-49D1-97BC-3654ED321F3B}") = "Mendham.Testing", "src\Mendham.Testing\Mendham.Testing.xproj", "{A85E8846-D340-4B2F-B284-252BAC5F8249}"
EndProject
Project("{8BB2217D-0F2D-49D1-97BC-3654ED321F3B}") = "Mendham.Testing.Builder", "src\Mendham.Testing.Builder\Mendham.Testing.Builder.xproj", "{5E039142-063D-4610-8726-702EF57837D8}"
EndProject
Project("{8BB2217D-0F2D-49D1-97BC-3654ED321F3B}") = "Mendham.Testing.Test", "test\Mendham.Testing.Test\Mendham.Testing.Test.xproj", "{D1A8BDBF-C5EB-403C-B93E-4FDC7771EE90}"
EndProject
Project("{8BB2217D-0F2D-49D1-97BC-3654ED321F3B}") = "Mendham.Testing.Builder.Test", "test\Mendham.Testing.Builder.Test\Mendham.Testing.Builder.Test.xproj", "{CCEF5083-7214-4986-A1B1-47737582830C}"
EndProject
Project("{8BB2217D-0F2D-49D1-97BC-3654ED321F3B}") = "Mendham.Testing.Moq", "src\Mendham.Testing.Moq\Mendham.Testing.Moq.xproj", "{00027219-6A70-4867-8118-A0D944BEF64F}"
EndProject
Project("{8BB2217D-0F2D-49D1-97BC-3654ED321F3B}") = "Mendham.Testing.Moq.Test", "test\Mendham.Testing.Moq.Test\Mendham.Testing.Moq.Test.xproj", "{1080FA70-FD2C-48B2-A917-3DD25F84CF5B}"
EndProject
Project("{8BB2217D-0F2D-49D1-97BC-3654ED321F3B}") = "Mendham.Domain", "src\Mendham.Domain\Mendham.Domain.xproj", "{ADCAF0D1-C09B-47F3-AE7E-A2B244A09FF5}"
EndProject
Project("{8BB2217D-0F2D-49D1-97BC-3654ED321F3B}") = "Mendham.Domain.Test", "test\Mendham.Domain.Test\Mendham.Domain.Test.xproj", "{E4905CA2-745D-4A2A-9785-EBE17B1AF143}"
EndProject
Project("{8BB2217D-0F2D-49D1-97BC-3654ED321F3B}") = "Mendham.Testing.Domain", "src\Mendham.Testing.Domain\Mendham.Testing.Domain.xproj", "{9631127B-6AA9-46CA-BB24-F9608FE9EE83}"
EndProject
Project("{8BB2217D-0F2D-49D1-97BC-3654ED321F3B}") = "Mendham.Concurrency.Test", "test\Mendham.Concurrency.Test\Mendham.Concurrency.Test.xproj", "{F6727791-A0E5-49D3-9263-161664749FEC}"
EndProject
Project("{8BB2217D-0F2D-49D1-97BC-3654ED321F3B}") = "Mendham.Concurrency", "src\Mendham.Concurrency\Mendham.Concurrency.xproj", "{647BF880-EFDA-4B42-B8F0-013D88DF0FD3}"
EndProject
Project("{8BB2217D-0F2D-49D1-97BC-3654ED321F3B}") = "Mendham.Domain.Concurrency", "src\Mendham.Domain.Concurrency\Mendham.Domain.Concurrency.xproj", "{0E25789C-2985-473F-B253-DB9A30B68AE8}"
EndProject
Project("{8BB2217D-0F2D-49D1-97BC-3654ED321F3B}") = "Mendham.Testing.Domain.Moq", "src\Mendham.Testing.Domain.Moq\Mendham.Testing.Domain.Moq.xproj", "{A790E356-DE29-4912-A937-CAEA154E5BFE}"
EndProject
Project("{8BB2217D-0F2D-49D1-97BC-3654ED321F3B}") = "Mendham.Domain.DependencyInjection.ComplexDomainGraph", "test\Resources\Mendham.Domain.DependencyInjection.ComplexDomainGraph\Mendham.Domain.DependencyInjection.ComplexDomainGraph.xproj", "{FCC9D043-C7FE-4FBE-9E46-0AD58165A8F0}"
EndProject
Project("{8BB2217D-0F2D-49D1-97BC-3654ED321F3B}") = "Mendham.Domain.DependencyInjection.InvalidConcreateBaseEntity", "test\Resources\Mendham.Domain.DependencyInjection.InvalidConcreateBaseEntity\Mendham.Domain.DependencyInjection.InvalidConcreateBaseEntity.xproj", "{3FAB2567-033B-44B3-8D8C-157D83D52875}"
EndProject
Project("{8BB2217D-0F2D-49D1-97BC-3654ED321F3B}") = "Mendham.Domain.DependencyInjection.InvalidMultipleDerivedEntity", "test\Resources\Mendham.Domain.DependencyInjection.InvalidMultipleDerivedEntity\Mendham.Domain.DependencyInjection.InvalidMultipleDerivedEntity.xproj", "{D561B7C1-5424-441E-8B04-16390B4EF873}"
EndProject
Project("{8BB2217D-0F2D-49D1-97BC-3654ED321F3B}") = "Mendham.Domain.DependencyInjection.TestObjects", "test\Resources\Mendham.Domain.DependencyInjection.TestObjects\Mendham.Domain.DependencyInjection.TestObjects.xproj", "{E3FF728B-8C33-4CEF-94E5-1390BF65ACCF}"
EndProject
Project("{2150E333-8FDC-42A3-9474-1A3956D46DE8}") = "domain", "domain", "{D989969B-64BE-41BD-ACAB-C468136D9F83}"
EndProject
Project("{8BB2217D-0F2D-49D1-97BC-3654ED321F3B}") = "Mendham.Domain.DependencyInjection.Ninject", "src\Mendham.Domain.DependencyInjection.Ninject\Mendham.Domain.DependencyInjection.Ninject.xproj", "{655CDEA6-13A8-4172-9702-156A7DFD3085}"
EndProject
Project("{8BB2217D-0F2D-49D1-97BC-3654ED321F3B}") = "Mendham.Domain.DependencyInjection.Autofac", "src\Mendham.Domain.DependencyInjection.Autofac\Mendham.Domain.DependencyInjection.Autofac.xproj", "{01286387-8530-47E5-866A-774BCED9AE99}"
EndProject
Project("{8BB2217D-0F2D-49D1-97BC-3654ED321F3B}") = "Mendham.Domain.DependencyInjection.Autofac.Test", "test\Mendham.Domain.DependencyInjection.Autofac.Test\Mendham.Domain.DependencyInjection.Autofac.Test.xproj", "{9277E812-A778-4509-89C3-3F716E953822}"
EndProject
Project("{8BB2217D-0F2D-49D1-97BC-3654ED321F3B}") = "Mendham.Domain.DependencyInjection.Ninject.Test", "test\Mendham.Domain.DependencyInjection.Ninject.Test\Mendham.Domain.DependencyInjection.Ninject.Test.xproj", "{651C6216-267F-4A57-ADA8-B83E0A3F0C86}"
EndProject
Project("{8BB2217D-0F2D-49D1-97BC-3654ED321F3B}") = "Mendham.Infrastructure.RelationalDatabase", "src\Mendham.Infrastructure.RelationalDatabase\Mendham.Infrastructure.RelationalDatabase.xproj", "{B1AF7EB6-F099-4F22-B621-6E12D562D95F}"
EndProject
Project("{8BB2217D-0F2D-49D1-97BC-3654ED321F3B}") = "Mendham.Infrastructure.RelationalDatabase.Test", "test\Mendham.Infrastructure.RelationalDatabase.Test\Mendham.Infrastructure.RelationalDatabase.Test.xproj", "{A3CDD6BD-D218-4AB2-A71B-2A07824262A5}"
EndProject
Project("{2150E333-8FDC-42A3-9474-1A3956D46DE8}") = "events", "events", "{A5AAD2FC-316E-4D57-AB53-0B90B983A1B6}"
EndProject
Project("{8BB2217D-0F2D-49D1-97BC-3654ED321F3B}") = "Mendham.Events", "src\Mendham.Events\Mendham.Events.xproj", "{736D7F22-7C27-4CFE-BCC7-CB6F024FBA1F}"
EndProject
Project("{8BB2217D-0F2D-49D1-97BC-3654ED321F3B}") = "Mendham.Events.Test", "test\Mendham.Events.Test\Mendham.Events.Test.xproj", "{BF3FD031-D2B2-4D56-A2D7-B95D1C85B39B}"
EndProject
Project("{8BB2217D-0F2D-49D1-97BC-3654ED321F3B}") = "Mendham.Testing.Events", "src\Mendham.Testing.Events\Mendham.Testing.Events.xproj", "{96A07AE4-C95C-47BB-9155-D8A835950743}"
EndProject
Project("{8BB2217D-0F2D-49D1-97BC-3654ED321F3B}") = "Mendham.Testing.Events.Test", "test\Mendham.Testing.Events.Test\Mendham.Testing.Events.Test.xproj", "{E36459E2-C0E8-4041-A908-453BD7351786}"
EndProject
Project("{8BB2217D-0F2D-49D1-97BC-3654ED321F3B}") = "Mendham.Events.DependencyInjection.Autofac", "src\Mendham.Events.DependencyInjection.Autofac\Mendham.Events.DependencyInjection.Autofac.xproj", "{A9AFC412-1E6A-46D9-805F-ECE8971A2658}"
EndProject
Project("{8BB2217D-0F2D-49D1-97BC-3654ED321F3B}") = "Mendham.Events.DependencyInjection.TestObjects", "test\Resources\Mendham.Events.DependencyInjection.TestObjects\Mendham.Events.DependencyInjection.TestObjects.xproj", "{0374578A-1794-4A26-ACCD-F589B0BE5BF3}"
EndProject
Project("{8BB2217D-0F2D-49D1-97BC-3654ED321F3B}") = "Mendham.Events.DependencyInjection.Autofac.Test", "test\Mendham.Events.DependencyInjection.Autofac.Test\Mendham.Events.DependencyInjection.Autofac.Test.xproj", "{542B5B24-61A2-48E1-B37A-BCC88C114FC1}"
EndProject
Project("{8BB2217D-0F2D-49D1-97BC-3654ED321F3B}") = "Mendham.Events.DependencyInjection.Ninject", "src\Mendham.Events.DependencyInjection.Ninject\Mendham.Events.DependencyInjection.Ninject.xproj", "{1EE46E21-3980-4FFF-BDCB-C5AB51D52B01}"
EndProject
Project("{8BB2217D-0F2D-49D1-97BC-3654ED321F3B}") = "Mendham.Events.DependencyInjection.Ninject.Test", "test\Mendham.Events.DependencyInjection.Ninject.Test\Mendham.Events.DependencyInjection.Ninject.Test.xproj", "{3764A53E-46F8-43D1-8B79-AF02FAC0D67F}"
EndProject
Project("{8BB2217D-0F2D-49D1-97BC-3654ED321F3B}") = "Mendham.Events.DependencyInjection.AspNetCore", "src\Mendham.Events.DependencyInjection.AspNetCore\Mendham.Events.DependencyInjection.AspNetCore.xproj", "{CC25F6EB-DD04-435A-A9EA-757DADFE5F25}"
EndProject
Project("{8BB2217D-0F2D-49D1-97BC-3654ED321F3B}") = "Mendham.Events.DependencyInjection.AspNetCore.Test", "test\Mendham.Events.DependencyInjection.AspNetCore.Test\Mendham.Events.DependencyInjection.AspNetCore.Test.xproj", "{2F64D59E-CC23-4BFB-B076-3645A686A21A}"
EndProject
Project("{8BB2217D-0F2D-49D1-97BC-3654ED321F3B}") = "Mendham.Events.DependencyInjection.TrackableTestObjects", "test\Resources\Mendham.Events.DependencyInjection.TrackableTestObjects\Mendham.Events.DependencyInjection.TrackableTestObjects.xproj", "{9A26AD14-9E2B-405E-8BF5-D0BC7E83FABE}"
EndProject
Project("{8BB2217D-0F2D-49D1-97BC-3654ED321F3B}") = "Mendham.Domain.DependencyInjection.AspNetCore", "src\Mendham.Domain.DependencyInjection.AspNetCore\Mendham.Domain.DependencyInjection.AspNetCore.xproj", "{36E4C742-FD0D-4B92-A1B4-5B98149C69DF}"
EndProject
Project("{8BB2217D-0F2D-49D1-97BC-3654ED321F3B}") = "Mendham.Domain.DependencyInjection.AspNetCore.Test", "test\Mendham.Domain.DependencyInjection.AspNetCore.Test\Mendham.Domain.DependencyInjection.AspNetCore.Test.xproj", "{174F24D6-6EAB-4A4A-9BFB-3089268114BF}"
EndProject
Project("{8BB2217D-0F2D-49D1-97BC-3654ED321F3B}") = "Mendham.Testing.AspNetCore", "src\Mendham.Testing.AspNetCore\Mendham.Testing.AspNetCore.xproj", "{71E1388B-CC6E-42A3-A881-C498E158C87F}"
EndProject
Project("{8BB2217D-0F2D-49D1-97BC-3654ED321F3B}") = "Mendham.Testing.AspNetCore.Test", "test\Mendham.Testing.AspNetCore.Test\Mendham.Testing.AspNetCore.Test.xproj", "{DDA5B99E-FED0-4B51-B8ED-24ED77974F0C}"
EndProject
Project("{8BB2217D-0F2D-49D1-97BC-3654ED321F3B}") = "Mendham.Testing.Http", "src\Mendham.Testing.Http\Mendham.Testing.Http.xproj", "{47265584-4B92-49AE-BE7E-D5AA7C5BA9E5}"
EndProject
Project("{8BB2217D-0F2D-49D1-97BC-3654ED321F3B}") = "Mendham.Testing.Http.Test", "test\Mendham.Testing.Http.Test\Mendham.Testing.Http.Test.xproj", "{8028B7DD-6F99-4284-BC69-B8C45CA173FE}"
EndProject
Project("{8BB2217D-0F2D-49D1-97BC-3654ED321F3B}") = "Mendham.Infrastructure.Http", "src\Mendham.Infrastructure.Http\Mendham.Infrastructure.Http.xproj", "{FC7D6C2C-970C-4273-AA67-ACF09B554AD6}"
EndProject
Project("{8BB2217D-0F2D-49D1-97BC-3654ED321F3B}") = "Mendham.Infrastructure.Http.Test", "test\Mendham.Infrastructure.Http.Test\Mendham.Infrastructure.Http.Test.xproj", "{62AF1C0E-484B-45D9-9647-6FE905A0C205}"
EndProject
Project("{8BB2217D-0F2D-49D1-97BC-3654ED321F3B}") = "Mendham.Testing.AspNetCore.Moq", "src\Mendham.Testing.AspNetCore.Moq\Mendham.Testing.AspNetCore.Moq.xproj", "{5EF1C74C-F32E-4639-A20B-5D914993F7C5}"
EndProject
Project("{8BB2217D-0F2D-49D1-97BC-3654ED321F3B}") = "Mendham.Testing.AspNetCore.Moq.Test", "test\Mendham.Testing.AspNetCore.Moq.Test\Mendham.Testing.AspNetCore.Moq.Test.xproj", "{63F54843-859A-4614-9FE5-295C5A0FBA84}"
EndProject
Global
	GlobalSection(SolutionConfigurationPlatforms) = preSolution
		Debug|Any CPU = Debug|Any CPU
		Release|Any CPU = Release|Any CPU
	EndGlobalSection
	GlobalSection(ProjectConfigurationPlatforms) = postSolution
		{0827CA6D-B60D-48E4-96C7-80EE6638E3D0}.Debug|Any CPU.ActiveCfg = Debug|Any CPU
		{0827CA6D-B60D-48E4-96C7-80EE6638E3D0}.Debug|Any CPU.Build.0 = Debug|Any CPU
		{0827CA6D-B60D-48E4-96C7-80EE6638E3D0}.Release|Any CPU.ActiveCfg = Release|Any CPU
		{0827CA6D-B60D-48E4-96C7-80EE6638E3D0}.Release|Any CPU.Build.0 = Release|Any CPU
		{60EBDAE5-021A-48F7-A368-CA03053C0F9B}.Debug|Any CPU.ActiveCfg = Debug|Any CPU
		{60EBDAE5-021A-48F7-A368-CA03053C0F9B}.Debug|Any CPU.Build.0 = Debug|Any CPU
		{60EBDAE5-021A-48F7-A368-CA03053C0F9B}.Release|Any CPU.ActiveCfg = Release|Any CPU
		{60EBDAE5-021A-48F7-A368-CA03053C0F9B}.Release|Any CPU.Build.0 = Release|Any CPU
		{A85E8846-D340-4B2F-B284-252BAC5F8249}.Debug|Any CPU.ActiveCfg = Debug|Any CPU
		{A85E8846-D340-4B2F-B284-252BAC5F8249}.Debug|Any CPU.Build.0 = Debug|Any CPU
		{A85E8846-D340-4B2F-B284-252BAC5F8249}.Release|Any CPU.ActiveCfg = Release|Any CPU
		{A85E8846-D340-4B2F-B284-252BAC5F8249}.Release|Any CPU.Build.0 = Release|Any CPU
		{5E039142-063D-4610-8726-702EF57837D8}.Debug|Any CPU.ActiveCfg = Debug|Any CPU
		{5E039142-063D-4610-8726-702EF57837D8}.Debug|Any CPU.Build.0 = Debug|Any CPU
		{5E039142-063D-4610-8726-702EF57837D8}.Release|Any CPU.ActiveCfg = Release|Any CPU
		{5E039142-063D-4610-8726-702EF57837D8}.Release|Any CPU.Build.0 = Release|Any CPU
		{D1A8BDBF-C5EB-403C-B93E-4FDC7771EE90}.Debug|Any CPU.ActiveCfg = Debug|Any CPU
		{D1A8BDBF-C5EB-403C-B93E-4FDC7771EE90}.Debug|Any CPU.Build.0 = Debug|Any CPU
		{D1A8BDBF-C5EB-403C-B93E-4FDC7771EE90}.Release|Any CPU.ActiveCfg = Release|Any CPU
		{D1A8BDBF-C5EB-403C-B93E-4FDC7771EE90}.Release|Any CPU.Build.0 = Release|Any CPU
		{CCEF5083-7214-4986-A1B1-47737582830C}.Debug|Any CPU.ActiveCfg = Debug|Any CPU
		{CCEF5083-7214-4986-A1B1-47737582830C}.Debug|Any CPU.Build.0 = Debug|Any CPU
		{CCEF5083-7214-4986-A1B1-47737582830C}.Release|Any CPU.ActiveCfg = Release|Any CPU
		{CCEF5083-7214-4986-A1B1-47737582830C}.Release|Any CPU.Build.0 = Release|Any CPU
		{00027219-6A70-4867-8118-A0D944BEF64F}.Debug|Any CPU.ActiveCfg = Debug|Any CPU
		{00027219-6A70-4867-8118-A0D944BEF64F}.Debug|Any CPU.Build.0 = Debug|Any CPU
		{00027219-6A70-4867-8118-A0D944BEF64F}.Release|Any CPU.ActiveCfg = Release|Any CPU
		{00027219-6A70-4867-8118-A0D944BEF64F}.Release|Any CPU.Build.0 = Release|Any CPU
		{1080FA70-FD2C-48B2-A917-3DD25F84CF5B}.Debug|Any CPU.ActiveCfg = Debug|Any CPU
		{1080FA70-FD2C-48B2-A917-3DD25F84CF5B}.Debug|Any CPU.Build.0 = Debug|Any CPU
		{1080FA70-FD2C-48B2-A917-3DD25F84CF5B}.Release|Any CPU.ActiveCfg = Release|Any CPU
		{1080FA70-FD2C-48B2-A917-3DD25F84CF5B}.Release|Any CPU.Build.0 = Release|Any CPU
		{ADCAF0D1-C09B-47F3-AE7E-A2B244A09FF5}.Debug|Any CPU.ActiveCfg = Debug|Any CPU
		{ADCAF0D1-C09B-47F3-AE7E-A2B244A09FF5}.Debug|Any CPU.Build.0 = Debug|Any CPU
		{ADCAF0D1-C09B-47F3-AE7E-A2B244A09FF5}.Release|Any CPU.ActiveCfg = Release|Any CPU
		{ADCAF0D1-C09B-47F3-AE7E-A2B244A09FF5}.Release|Any CPU.Build.0 = Release|Any CPU
		{E4905CA2-745D-4A2A-9785-EBE17B1AF143}.Debug|Any CPU.ActiveCfg = Debug|Any CPU
		{E4905CA2-745D-4A2A-9785-EBE17B1AF143}.Debug|Any CPU.Build.0 = Debug|Any CPU
		{E4905CA2-745D-4A2A-9785-EBE17B1AF143}.Release|Any CPU.ActiveCfg = Release|Any CPU
		{E4905CA2-745D-4A2A-9785-EBE17B1AF143}.Release|Any CPU.Build.0 = Release|Any CPU
		{9631127B-6AA9-46CA-BB24-F9608FE9EE83}.Debug|Any CPU.ActiveCfg = Debug|Any CPU
		{9631127B-6AA9-46CA-BB24-F9608FE9EE83}.Debug|Any CPU.Build.0 = Debug|Any CPU
		{9631127B-6AA9-46CA-BB24-F9608FE9EE83}.Release|Any CPU.ActiveCfg = Release|Any CPU
		{9631127B-6AA9-46CA-BB24-F9608FE9EE83}.Release|Any CPU.Build.0 = Release|Any CPU
		{F6727791-A0E5-49D3-9263-161664749FEC}.Debug|Any CPU.ActiveCfg = Debug|Any CPU
		{F6727791-A0E5-49D3-9263-161664749FEC}.Debug|Any CPU.Build.0 = Debug|Any CPU
		{F6727791-A0E5-49D3-9263-161664749FEC}.Release|Any CPU.ActiveCfg = Release|Any CPU
		{F6727791-A0E5-49D3-9263-161664749FEC}.Release|Any CPU.Build.0 = Release|Any CPU
		{647BF880-EFDA-4B42-B8F0-013D88DF0FD3}.Debug|Any CPU.ActiveCfg = Debug|Any CPU
		{647BF880-EFDA-4B42-B8F0-013D88DF0FD3}.Debug|Any CPU.Build.0 = Debug|Any CPU
		{647BF880-EFDA-4B42-B8F0-013D88DF0FD3}.Release|Any CPU.ActiveCfg = Release|Any CPU
		{647BF880-EFDA-4B42-B8F0-013D88DF0FD3}.Release|Any CPU.Build.0 = Release|Any CPU
		{0E25789C-2985-473F-B253-DB9A30B68AE8}.Debug|Any CPU.ActiveCfg = Debug|Any CPU
		{0E25789C-2985-473F-B253-DB9A30B68AE8}.Debug|Any CPU.Build.0 = Debug|Any CPU
		{0E25789C-2985-473F-B253-DB9A30B68AE8}.Release|Any CPU.ActiveCfg = Release|Any CPU
		{0E25789C-2985-473F-B253-DB9A30B68AE8}.Release|Any CPU.Build.0 = Release|Any CPU
		{A790E356-DE29-4912-A937-CAEA154E5BFE}.Debug|Any CPU.ActiveCfg = Debug|Any CPU
		{A790E356-DE29-4912-A937-CAEA154E5BFE}.Debug|Any CPU.Build.0 = Debug|Any CPU
		{A790E356-DE29-4912-A937-CAEA154E5BFE}.Release|Any CPU.ActiveCfg = Release|Any CPU
		{A790E356-DE29-4912-A937-CAEA154E5BFE}.Release|Any CPU.Build.0 = Release|Any CPU
		{FCC9D043-C7FE-4FBE-9E46-0AD58165A8F0}.Debug|Any CPU.ActiveCfg = Debug|Any CPU
		{FCC9D043-C7FE-4FBE-9E46-0AD58165A8F0}.Debug|Any CPU.Build.0 = Debug|Any CPU
		{FCC9D043-C7FE-4FBE-9E46-0AD58165A8F0}.Release|Any CPU.ActiveCfg = Release|Any CPU
		{FCC9D043-C7FE-4FBE-9E46-0AD58165A8F0}.Release|Any CPU.Build.0 = Release|Any CPU
		{3FAB2567-033B-44B3-8D8C-157D83D52875}.Debug|Any CPU.ActiveCfg = Debug|Any CPU
		{3FAB2567-033B-44B3-8D8C-157D83D52875}.Debug|Any CPU.Build.0 = Debug|Any CPU
		{3FAB2567-033B-44B3-8D8C-157D83D52875}.Release|Any CPU.ActiveCfg = Release|Any CPU
		{3FAB2567-033B-44B3-8D8C-157D83D52875}.Release|Any CPU.Build.0 = Release|Any CPU
		{D561B7C1-5424-441E-8B04-16390B4EF873}.Debug|Any CPU.ActiveCfg = Debug|Any CPU
		{D561B7C1-5424-441E-8B04-16390B4EF873}.Debug|Any CPU.Build.0 = Debug|Any CPU
		{D561B7C1-5424-441E-8B04-16390B4EF873}.Release|Any CPU.ActiveCfg = Release|Any CPU
		{D561B7C1-5424-441E-8B04-16390B4EF873}.Release|Any CPU.Build.0 = Release|Any CPU
		{E3FF728B-8C33-4CEF-94E5-1390BF65ACCF}.Debug|Any CPU.ActiveCfg = Debug|Any CPU
		{E3FF728B-8C33-4CEF-94E5-1390BF65ACCF}.Debug|Any CPU.Build.0 = Debug|Any CPU
		{E3FF728B-8C33-4CEF-94E5-1390BF65ACCF}.Release|Any CPU.ActiveCfg = Release|Any CPU
		{E3FF728B-8C33-4CEF-94E5-1390BF65ACCF}.Release|Any CPU.Build.0 = Release|Any CPU
		{655CDEA6-13A8-4172-9702-156A7DFD3085}.Debug|Any CPU.ActiveCfg = Debug|Any CPU
		{655CDEA6-13A8-4172-9702-156A7DFD3085}.Debug|Any CPU.Build.0 = Debug|Any CPU
		{655CDEA6-13A8-4172-9702-156A7DFD3085}.Release|Any CPU.ActiveCfg = Release|Any CPU
		{655CDEA6-13A8-4172-9702-156A7DFD3085}.Release|Any CPU.Build.0 = Release|Any CPU
		{01286387-8530-47E5-866A-774BCED9AE99}.Debug|Any CPU.ActiveCfg = Debug|Any CPU
		{01286387-8530-47E5-866A-774BCED9AE99}.Debug|Any CPU.Build.0 = Debug|Any CPU
		{01286387-8530-47E5-866A-774BCED9AE99}.Release|Any CPU.ActiveCfg = Release|Any CPU
		{01286387-8530-47E5-866A-774BCED9AE99}.Release|Any CPU.Build.0 = Release|Any CPU
		{9277E812-A778-4509-89C3-3F716E953822}.Debug|Any CPU.ActiveCfg = Debug|Any CPU
		{9277E812-A778-4509-89C3-3F716E953822}.Debug|Any CPU.Build.0 = Debug|Any CPU
		{9277E812-A778-4509-89C3-3F716E953822}.Release|Any CPU.ActiveCfg = Release|Any CPU
		{9277E812-A778-4509-89C3-3F716E953822}.Release|Any CPU.Build.0 = Release|Any CPU
		{651C6216-267F-4A57-ADA8-B83E0A3F0C86}.Debug|Any CPU.ActiveCfg = Debug|Any CPU
		{651C6216-267F-4A57-ADA8-B83E0A3F0C86}.Debug|Any CPU.Build.0 = Debug|Any CPU
		{651C6216-267F-4A57-ADA8-B83E0A3F0C86}.Release|Any CPU.ActiveCfg = Release|Any CPU
		{651C6216-267F-4A57-ADA8-B83E0A3F0C86}.Release|Any CPU.Build.0 = Release|Any CPU
		{B1AF7EB6-F099-4F22-B621-6E12D562D95F}.Debug|Any CPU.ActiveCfg = Debug|Any CPU
		{B1AF7EB6-F099-4F22-B621-6E12D562D95F}.Debug|Any CPU.Build.0 = Debug|Any CPU
		{B1AF7EB6-F099-4F22-B621-6E12D562D95F}.Release|Any CPU.ActiveCfg = Release|Any CPU
		{B1AF7EB6-F099-4F22-B621-6E12D562D95F}.Release|Any CPU.Build.0 = Release|Any CPU
		{A3CDD6BD-D218-4AB2-A71B-2A07824262A5}.Debug|Any CPU.ActiveCfg = Debug|Any CPU
		{A3CDD6BD-D218-4AB2-A71B-2A07824262A5}.Debug|Any CPU.Build.0 = Debug|Any CPU
		{A3CDD6BD-D218-4AB2-A71B-2A07824262A5}.Release|Any CPU.ActiveCfg = Release|Any CPU
		{A3CDD6BD-D218-4AB2-A71B-2A07824262A5}.Release|Any CPU.Build.0 = Release|Any CPU
		{736D7F22-7C27-4CFE-BCC7-CB6F024FBA1F}.Debug|Any CPU.ActiveCfg = Debug|Any CPU
		{736D7F22-7C27-4CFE-BCC7-CB6F024FBA1F}.Debug|Any CPU.Build.0 = Debug|Any CPU
		{736D7F22-7C27-4CFE-BCC7-CB6F024FBA1F}.Release|Any CPU.ActiveCfg = Release|Any CPU
		{736D7F22-7C27-4CFE-BCC7-CB6F024FBA1F}.Release|Any CPU.Build.0 = Release|Any CPU
		{BF3FD031-D2B2-4D56-A2D7-B95D1C85B39B}.Debug|Any CPU.ActiveCfg = Debug|Any CPU
		{BF3FD031-D2B2-4D56-A2D7-B95D1C85B39B}.Debug|Any CPU.Build.0 = Debug|Any CPU
		{BF3FD031-D2B2-4D56-A2D7-B95D1C85B39B}.Release|Any CPU.ActiveCfg = Release|Any CPU
		{BF3FD031-D2B2-4D56-A2D7-B95D1C85B39B}.Release|Any CPU.Build.0 = Release|Any CPU
		{96A07AE4-C95C-47BB-9155-D8A835950743}.Debug|Any CPU.ActiveCfg = Debug|Any CPU
		{96A07AE4-C95C-47BB-9155-D8A835950743}.Debug|Any CPU.Build.0 = Debug|Any CPU
		{96A07AE4-C95C-47BB-9155-D8A835950743}.Release|Any CPU.ActiveCfg = Release|Any CPU
		{96A07AE4-C95C-47BB-9155-D8A835950743}.Release|Any CPU.Build.0 = Release|Any CPU
		{E36459E2-C0E8-4041-A908-453BD7351786}.Debug|Any CPU.ActiveCfg = Debug|Any CPU
		{E36459E2-C0E8-4041-A908-453BD7351786}.Debug|Any CPU.Build.0 = Debug|Any CPU
		{E36459E2-C0E8-4041-A908-453BD7351786}.Release|Any CPU.ActiveCfg = Release|Any CPU
		{E36459E2-C0E8-4041-A908-453BD7351786}.Release|Any CPU.Build.0 = Release|Any CPU
		{A9AFC412-1E6A-46D9-805F-ECE8971A2658}.Debug|Any CPU.ActiveCfg = Debug|Any CPU
		{A9AFC412-1E6A-46D9-805F-ECE8971A2658}.Debug|Any CPU.Build.0 = Debug|Any CPU
		{A9AFC412-1E6A-46D9-805F-ECE8971A2658}.Release|Any CPU.ActiveCfg = Release|Any CPU
		{A9AFC412-1E6A-46D9-805F-ECE8971A2658}.Release|Any CPU.Build.0 = Release|Any CPU
		{0374578A-1794-4A26-ACCD-F589B0BE5BF3}.Debug|Any CPU.ActiveCfg = Debug|Any CPU
		{0374578A-1794-4A26-ACCD-F589B0BE5BF3}.Debug|Any CPU.Build.0 = Debug|Any CPU
		{0374578A-1794-4A26-ACCD-F589B0BE5BF3}.Release|Any CPU.ActiveCfg = Release|Any CPU
		{0374578A-1794-4A26-ACCD-F589B0BE5BF3}.Release|Any CPU.Build.0 = Release|Any CPU
		{542B5B24-61A2-48E1-B37A-BCC88C114FC1}.Debug|Any CPU.ActiveCfg = Debug|Any CPU
		{542B5B24-61A2-48E1-B37A-BCC88C114FC1}.Debug|Any CPU.Build.0 = Debug|Any CPU
		{542B5B24-61A2-48E1-B37A-BCC88C114FC1}.Release|Any CPU.ActiveCfg = Release|Any CPU
		{542B5B24-61A2-48E1-B37A-BCC88C114FC1}.Release|Any CPU.Build.0 = Release|Any CPU
		{1EE46E21-3980-4FFF-BDCB-C5AB51D52B01}.Debug|Any CPU.ActiveCfg = Debug|Any CPU
		{1EE46E21-3980-4FFF-BDCB-C5AB51D52B01}.Debug|Any CPU.Build.0 = Debug|Any CPU
		{1EE46E21-3980-4FFF-BDCB-C5AB51D52B01}.Release|Any CPU.ActiveCfg = Release|Any CPU
		{1EE46E21-3980-4FFF-BDCB-C5AB51D52B01}.Release|Any CPU.Build.0 = Release|Any CPU
		{3764A53E-46F8-43D1-8B79-AF02FAC0D67F}.Debug|Any CPU.ActiveCfg = Debug|Any CPU
		{3764A53E-46F8-43D1-8B79-AF02FAC0D67F}.Debug|Any CPU.Build.0 = Debug|Any CPU
		{3764A53E-46F8-43D1-8B79-AF02FAC0D67F}.Release|Any CPU.ActiveCfg = Release|Any CPU
		{3764A53E-46F8-43D1-8B79-AF02FAC0D67F}.Release|Any CPU.Build.0 = Release|Any CPU
		{CC25F6EB-DD04-435A-A9EA-757DADFE5F25}.Debug|Any CPU.ActiveCfg = Debug|Any CPU
		{CC25F6EB-DD04-435A-A9EA-757DADFE5F25}.Debug|Any CPU.Build.0 = Debug|Any CPU
		{CC25F6EB-DD04-435A-A9EA-757DADFE5F25}.Release|Any CPU.ActiveCfg = Release|Any CPU
		{CC25F6EB-DD04-435A-A9EA-757DADFE5F25}.Release|Any CPU.Build.0 = Release|Any CPU
		{2F64D59E-CC23-4BFB-B076-3645A686A21A}.Debug|Any CPU.ActiveCfg = Debug|Any CPU
		{2F64D59E-CC23-4BFB-B076-3645A686A21A}.Debug|Any CPU.Build.0 = Debug|Any CPU
		{2F64D59E-CC23-4BFB-B076-3645A686A21A}.Release|Any CPU.ActiveCfg = Release|Any CPU
		{2F64D59E-CC23-4BFB-B076-3645A686A21A}.Release|Any CPU.Build.0 = Release|Any CPU
		{9A26AD14-9E2B-405E-8BF5-D0BC7E83FABE}.Debug|Any CPU.ActiveCfg = Debug|Any CPU
		{9A26AD14-9E2B-405E-8BF5-D0BC7E83FABE}.Debug|Any CPU.Build.0 = Debug|Any CPU
		{9A26AD14-9E2B-405E-8BF5-D0BC7E83FABE}.Release|Any CPU.ActiveCfg = Release|Any CPU
		{9A26AD14-9E2B-405E-8BF5-D0BC7E83FABE}.Release|Any CPU.Build.0 = Release|Any CPU
		{36E4C742-FD0D-4B92-A1B4-5B98149C69DF}.Debug|Any CPU.ActiveCfg = Debug|Any CPU
		{36E4C742-FD0D-4B92-A1B4-5B98149C69DF}.Debug|Any CPU.Build.0 = Debug|Any CPU
		{36E4C742-FD0D-4B92-A1B4-5B98149C69DF}.Release|Any CPU.ActiveCfg = Release|Any CPU
		{36E4C742-FD0D-4B92-A1B4-5B98149C69DF}.Release|Any CPU.Build.0 = Release|Any CPU
		{174F24D6-6EAB-4A4A-9BFB-3089268114BF}.Debug|Any CPU.ActiveCfg = Debug|Any CPU
		{174F24D6-6EAB-4A4A-9BFB-3089268114BF}.Debug|Any CPU.Build.0 = Debug|Any CPU
		{174F24D6-6EAB-4A4A-9BFB-3089268114BF}.Release|Any CPU.ActiveCfg = Release|Any CPU
		{174F24D6-6EAB-4A4A-9BFB-3089268114BF}.Release|Any CPU.Build.0 = Release|Any CPU
		{71E1388B-CC6E-42A3-A881-C498E158C87F}.Debug|Any CPU.ActiveCfg = Debug|Any CPU
		{71E1388B-CC6E-42A3-A881-C498E158C87F}.Debug|Any CPU.Build.0 = Debug|Any CPU
		{71E1388B-CC6E-42A3-A881-C498E158C87F}.Release|Any CPU.ActiveCfg = Release|Any CPU
		{71E1388B-CC6E-42A3-A881-C498E158C87F}.Release|Any CPU.Build.0 = Release|Any CPU
		{DDA5B99E-FED0-4B51-B8ED-24ED77974F0C}.Debug|Any CPU.ActiveCfg = Debug|Any CPU
		{DDA5B99E-FED0-4B51-B8ED-24ED77974F0C}.Debug|Any CPU.Build.0 = Debug|Any CPU
		{DDA5B99E-FED0-4B51-B8ED-24ED77974F0C}.Release|Any CPU.ActiveCfg = Release|Any CPU
		{DDA5B99E-FED0-4B51-B8ED-24ED77974F0C}.Release|Any CPU.Build.0 = Release|Any CPU
		{47265584-4B92-49AE-BE7E-D5AA7C5BA9E5}.Debug|Any CPU.ActiveCfg = Debug|Any CPU
		{47265584-4B92-49AE-BE7E-D5AA7C5BA9E5}.Debug|Any CPU.Build.0 = Debug|Any CPU
		{47265584-4B92-49AE-BE7E-D5AA7C5BA9E5}.Release|Any CPU.ActiveCfg = Release|Any CPU
		{47265584-4B92-49AE-BE7E-D5AA7C5BA9E5}.Release|Any CPU.Build.0 = Release|Any CPU
		{8028B7DD-6F99-4284-BC69-B8C45CA173FE}.Debug|Any CPU.ActiveCfg = Debug|Any CPU
		{8028B7DD-6F99-4284-BC69-B8C45CA173FE}.Debug|Any CPU.Build.0 = Debug|Any CPU
		{8028B7DD-6F99-4284-BC69-B8C45CA173FE}.Release|Any CPU.ActiveCfg = Release|Any CPU
		{8028B7DD-6F99-4284-BC69-B8C45CA173FE}.Release|Any CPU.Build.0 = Release|Any CPU
		{FC7D6C2C-970C-4273-AA67-ACF09B554AD6}.Debug|Any CPU.ActiveCfg = Debug|Any CPU
		{FC7D6C2C-970C-4273-AA67-ACF09B554AD6}.Debug|Any CPU.Build.0 = Debug|Any CPU
		{FC7D6C2C-970C-4273-AA67-ACF09B554AD6}.Release|Any CPU.ActiveCfg = Release|Any CPU
		{FC7D6C2C-970C-4273-AA67-ACF09B554AD6}.Release|Any CPU.Build.0 = Release|Any CPU
		{62AF1C0E-484B-45D9-9647-6FE905A0C205}.Debug|Any CPU.ActiveCfg = Debug|Any CPU
		{62AF1C0E-484B-45D9-9647-6FE905A0C205}.Debug|Any CPU.Build.0 = Debug|Any CPU
		{62AF1C0E-484B-45D9-9647-6FE905A0C205}.Release|Any CPU.ActiveCfg = Release|Any CPU
		{62AF1C0E-484B-45D9-9647-6FE905A0C205}.Release|Any CPU.Build.0 = Release|Any CPU
		{5EF1C74C-F32E-4639-A20B-5D914993F7C5}.Debug|Any CPU.ActiveCfg = Debug|Any CPU
		{5EF1C74C-F32E-4639-A20B-5D914993F7C5}.Debug|Any CPU.Build.0 = Debug|Any CPU
		{5EF1C74C-F32E-4639-A20B-5D914993F7C5}.Release|Any CPU.ActiveCfg = Release|Any CPU
		{5EF1C74C-F32E-4639-A20B-5D914993F7C5}.Release|Any CPU.Build.0 = Release|Any CPU
		{63F54843-859A-4614-9FE5-295C5A0FBA84}.Debug|Any CPU.ActiveCfg = Debug|Any CPU
		{63F54843-859A-4614-9FE5-295C5A0FBA84}.Debug|Any CPU.Build.0 = Debug|Any CPU
		{63F54843-859A-4614-9FE5-295C5A0FBA84}.Release|Any CPU.ActiveCfg = Release|Any CPU
		{63F54843-859A-4614-9FE5-295C5A0FBA84}.Release|Any CPU.Build.0 = Release|Any CPU
	EndGlobalSection
	GlobalSection(SolutionProperties) = preSolution
		HideSolutionNode = FALSE
	EndGlobalSection
	GlobalSection(NestedProjects) = preSolution
		{0939C9D9-E0AA-4599-AA22-AC58F16C96DE} = {856ADE16-2C01-47A4-9120-1EF2B409A9D3}
		{1EAA64F8-EA81-4CE2-96CE-0A6D02304E52} = {856ADE16-2C01-47A4-9120-1EF2B409A9D3}
		{BC1DD0E7-3123-4701-A68D-F6C1E9F015CD} = {856ADE16-2C01-47A4-9120-1EF2B409A9D3}
		{C9AF6D12-2693-4513-BE01-B64EA0E89D11} = {5837883B-CC74-4A1F-96F5-AEEEAFD73EC4}
		{0827CA6D-B60D-48E4-96C7-80EE6638E3D0} = {856ADE16-2C01-47A4-9120-1EF2B409A9D3}
		{60EBDAE5-021A-48F7-A368-CA03053C0F9B} = {5837883B-CC74-4A1F-96F5-AEEEAFD73EC4}
		{A85E8846-D340-4B2F-B284-252BAC5F8249} = {0939C9D9-E0AA-4599-AA22-AC58F16C96DE}
		{5E039142-063D-4610-8726-702EF57837D8} = {0939C9D9-E0AA-4599-AA22-AC58F16C96DE}
		{D1A8BDBF-C5EB-403C-B93E-4FDC7771EE90} = {5837883B-CC74-4A1F-96F5-AEEEAFD73EC4}
		{CCEF5083-7214-4986-A1B1-47737582830C} = {5837883B-CC74-4A1F-96F5-AEEEAFD73EC4}
		{00027219-6A70-4867-8118-A0D944BEF64F} = {0939C9D9-E0AA-4599-AA22-AC58F16C96DE}
		{1080FA70-FD2C-48B2-A917-3DD25F84CF5B} = {5837883B-CC74-4A1F-96F5-AEEEAFD73EC4}
		{ADCAF0D1-C09B-47F3-AE7E-A2B244A09FF5} = {D989969B-64BE-41BD-ACAB-C468136D9F83}
		{E4905CA2-745D-4A2A-9785-EBE17B1AF143} = {5837883B-CC74-4A1F-96F5-AEEEAFD73EC4}
		{9631127B-6AA9-46CA-BB24-F9608FE9EE83} = {0939C9D9-E0AA-4599-AA22-AC58F16C96DE}
		{F6727791-A0E5-49D3-9263-161664749FEC} = {5837883B-CC74-4A1F-96F5-AEEEAFD73EC4}
		{647BF880-EFDA-4B42-B8F0-013D88DF0FD3} = {BC1DD0E7-3123-4701-A68D-F6C1E9F015CD}
		{0E25789C-2985-473F-B253-DB9A30B68AE8} = {BC1DD0E7-3123-4701-A68D-F6C1E9F015CD}
		{A790E356-DE29-4912-A937-CAEA154E5BFE} = {0939C9D9-E0AA-4599-AA22-AC58F16C96DE}
		{FCC9D043-C7FE-4FBE-9E46-0AD58165A8F0} = {C9AF6D12-2693-4513-BE01-B64EA0E89D11}
		{3FAB2567-033B-44B3-8D8C-157D83D52875} = {C9AF6D12-2693-4513-BE01-B64EA0E89D11}
		{D561B7C1-5424-441E-8B04-16390B4EF873} = {C9AF6D12-2693-4513-BE01-B64EA0E89D11}
		{E3FF728B-8C33-4CEF-94E5-1390BF65ACCF} = {C9AF6D12-2693-4513-BE01-B64EA0E89D11}
		{D989969B-64BE-41BD-ACAB-C468136D9F83} = {856ADE16-2C01-47A4-9120-1EF2B409A9D3}
		{655CDEA6-13A8-4172-9702-156A7DFD3085} = {D989969B-64BE-41BD-ACAB-C468136D9F83}
		{01286387-8530-47E5-866A-774BCED9AE99} = {D989969B-64BE-41BD-ACAB-C468136D9F83}
		{9277E812-A778-4509-89C3-3F716E953822} = {5837883B-CC74-4A1F-96F5-AEEEAFD73EC4}
		{651C6216-267F-4A57-ADA8-B83E0A3F0C86} = {5837883B-CC74-4A1F-96F5-AEEEAFD73EC4}
		{B1AF7EB6-F099-4F22-B621-6E12D562D95F} = {1EAA64F8-EA81-4CE2-96CE-0A6D02304E52}
		{A3CDD6BD-D218-4AB2-A71B-2A07824262A5} = {5837883B-CC74-4A1F-96F5-AEEEAFD73EC4}
		{A5AAD2FC-316E-4D57-AB53-0B90B983A1B6} = {856ADE16-2C01-47A4-9120-1EF2B409A9D3}
		{736D7F22-7C27-4CFE-BCC7-CB6F024FBA1F} = {A5AAD2FC-316E-4D57-AB53-0B90B983A1B6}
		{BF3FD031-D2B2-4D56-A2D7-B95D1C85B39B} = {5837883B-CC74-4A1F-96F5-AEEEAFD73EC4}
		{96A07AE4-C95C-47BB-9155-D8A835950743} = {0939C9D9-E0AA-4599-AA22-AC58F16C96DE}
		{E36459E2-C0E8-4041-A908-453BD7351786} = {5837883B-CC74-4A1F-96F5-AEEEAFD73EC4}
		{A9AFC412-1E6A-46D9-805F-ECE8971A2658} = {A5AAD2FC-316E-4D57-AB53-0B90B983A1B6}
		{0374578A-1794-4A26-ACCD-F589B0BE5BF3} = {C9AF6D12-2693-4513-BE01-B64EA0E89D11}
		{542B5B24-61A2-48E1-B37A-BCC88C114FC1} = {5837883B-CC74-4A1F-96F5-AEEEAFD73EC4}
		{1EE46E21-3980-4FFF-BDCB-C5AB51D52B01} = {A5AAD2FC-316E-4D57-AB53-0B90B983A1B6}
		{3764A53E-46F8-43D1-8B79-AF02FAC0D67F} = {5837883B-CC74-4A1F-96F5-AEEEAFD73EC4}
		{CC25F6EB-DD04-435A-A9EA-757DADFE5F25} = {A5AAD2FC-316E-4D57-AB53-0B90B983A1B6}
		{2F64D59E-CC23-4BFB-B076-3645A686A21A} = {5837883B-CC74-4A1F-96F5-AEEEAFD73EC4}
		{9A26AD14-9E2B-405E-8BF5-D0BC7E83FABE} = {C9AF6D12-2693-4513-BE01-B64EA0E89D11}
		{36E4C742-FD0D-4B92-A1B4-5B98149C69DF} = {D989969B-64BE-41BD-ACAB-C468136D9F83}
		{174F24D6-6EAB-4A4A-9BFB-3089268114BF} = {5837883B-CC74-4A1F-96F5-AEEEAFD73EC4}
		{71E1388B-CC6E-42A3-A881-C498E158C87F} = {0939C9D9-E0AA-4599-AA22-AC58F16C96DE}
		{DDA5B99E-FED0-4B51-B8ED-24ED77974F0C} = {5837883B-CC74-4A1F-96F5-AEEEAFD73EC4}
		{47265584-4B92-49AE-BE7E-D5AA7C5BA9E5} = {0939C9D9-E0AA-4599-AA22-AC58F16C96DE}
		{8028B7DD-6F99-4284-BC69-B8C45CA173FE} = {5837883B-CC74-4A1F-96F5-AEEEAFD73EC4}
		{FC7D6C2C-970C-4273-AA67-ACF09B554AD6} = {1EAA64F8-EA81-4CE2-96CE-0A6D02304E52}
		{62AF1C0E-484B-45D9-9647-6FE905A0C205} = {5837883B-CC74-4A1F-96F5-AEEEAFD73EC4}
		{5EF1C74C-F32E-4639-A20B-5D914993F7C5} = {0939C9D9-E0AA-4599-AA22-AC58F16C96DE}
		{63F54843-859A-4614-9FE5-295C5A0FBA84} = {5837883B-CC74-4A1F-96F5-AEEEAFD73EC4}
	EndGlobalSection
EndGlobal
